
Microsoft Visual Studio Solution File, Format Version 12.00
# Visual Studio 15
VisualStudioVersion = 15.0.26730.3
MinimumVisualStudioVersion = 10.0.40219.1
Project("{FAE04EC0-301F-11D3-BF4B-00C04F79EFBC}") = "ExperimentSystem", "ExperimentSystem\ExperimentSystem.csproj", "{9F0E6F24-5AB0-4E66-A0AA-52AC071AA286}"
EndProject
Global
	GlobalSection(SolutionConfigurationPlatforms) = preSolution
		Debug|Any CPU = Debug|Any CPU
		Release|Any CPU = Release|Any CPU
	EndGlobalSection
	GlobalSection(ProjectConfigurationPlatforms) = postSolution
		{9F0E6F24-5AB0-4E66-A0AA-52AC071AA286}.Debug|Any CPU.ActiveCfg = Debug|Any CPU
		{9F0E6F24-5AB0-4E66-A0AA-52AC071AA286}.Debug|Any CPU.Build.0 = Debug|Any CPU
		{9F0E6F24-5AB0-4E66-A0AA-52AC071AA286}.Release|Any CPU.ActiveCfg = Release|Any CPU
		{9F0E6F24-5AB0-4E66-A0AA-52AC071AA286}.Release|Any CPU.Build.0 = Release|Any CPU
	EndGlobalSection
	GlobalSection(SolutionProperties) = preSolution
		HideSolutionNode = FALSE
	EndGlobalSection
	GlobalSection(ExtensibilityGlobals) = postSolution
		SolutionGuid = {33C18FE0-0981-4D9E-96DF-03E1C1398A7B}
	EndGlobalSection
EndGlobal
